{
  "nodes": {
    "claude-account": {
      "inputs": {
        "nixpkgs": [
          "nixpkgs"
        ]
      },
      "locked": {
        "lastModified": 1786312911,
        "narHash": "sha256-mANshUVDLHUdGet8RwQ4uRpnOzk4ZCr0v66sHTOU0Bk=",
        "owner": "rokokol",
        "repo": "claude-account",
        "rev": "9d6fe6a2e3b066d32110ec138bacec3db62d78dd",
        "type": "github"
      },
      "original": {
        "owner": "rokokol",
        "repo": "claude-account",
        "type": "github"
      }
    },
    "comfyui-nix": {
      "inputs": {
        "flake-parts": "flake-parts",
        "nixpkgs": "nixpkgs"
      },
      "locked": {
        "lastModified": 1775530069,
        "narHash": "sha256-LuWit2RDTkiwwHwAhqfPcfo6ZUcV931XXijeQqD6FTM=",
        "rev": "255224118c3a7d7514c4f0d975120feb3cb16b58",
        "revCount": 166,
        "type": "tarball",
        "url": "https://api.flakehub.com/f/pinned/utensils/comfyui/0.18.2/019d6678-84be-7e67-ba6f-ef395093f239/source.tar.gz"
      },
      "original": {
        "type": "tarball",
        "url": "https://flakehub.com/f/utensils/comfyui/0.18.2"
      }
    },
    "ddlc-palette": {
      "inputs": {
        "nixpkgs": [
          "nixpkgs"
        ]
      },
      "locked": {
        "lastModified": 1786228914,
        "narHash": "sha256-/QjXmt0oYpG9VFKOTtyCR3FA9G9N8/UYrLKzsXY+m5Q=",
        "owner": "rokokol",
        "repo": "ddlc-palette",
        "rev": "090aad16b07445df25ccc1e39493672cc84c551f",
        "type": "github"
      },
      "original": {
        "owner": "rokokol",
        "repo": "ddlc-palette",
        "type": "github"
      }
    },
    "ddlc-palette_2": {
      "inputs": {
        "nixpkgs": [
          "ddlc-sddm-theme",
          "nixpkgs"
        ]
      },
      "locked": {
        "lastModified": 1786228914,
        "narHash": "sha256-/QjXmt0oYpG9VFKOTtyCR3FA9G9N8/UYrLKzsXY+m5Q=",
        "owner": "rokokol",
        "repo": "ddlc-palette",
        "rev": "090aad16b07445df25ccc1e39493672cc84c551f",
        "type": "github"
      },
      "original": {
        "owner": "rokokol",
        "repo": "ddlc-palette",
        "type": "github"
      }
    },
    "ddlc-sddm-theme": {
      "inputs": {
        "ddlc-palette": "ddlc-palette_2",
        "nixpkgs": [
          "nixpkgs"
        ]
      },
      "locked": {
        "lastModified": 1786229132,
        "narHash": "sha256-yb8Or5EAT2C0SLBgsrQnHhNXVZxEEG16E7KuiTz2wRQ=",
        "owner": "rokokol",
        "repo": "ddlc-sddm-theme",
        "rev": "32a8325c059a5443563190aa12d02fab5a5c8e29",
        "type": "github"
      },
      "original": {
        "owner": "rokokol",
        "repo": "ddlc-sddm-theme",
        "type": "github"
      }
    },
    "flake-compat": {
      "flake": false,
      "locked": {
        "lastModified": 1747046372,
        "narHash": "sha256-CIVLLkVgvHYbgI2UpXvIIBJ12HWgX+fjA8Xf8PUmqCY=",
        "owner": "edolstra",
        "repo": "flake-compat",
        "rev": "9100a0f413b0c601e0533d1d94ffd501ce2e7885",
        "type": "github"
      },
      "original": {
        "owner": "edolstra",
        "repo": "flake-compat",
        "type": "github"
      }
    },
    "flake-parts": {
      "inputs": {
        "nixpkgs-lib": "nixpkgs-lib"
      },
      "locked": {
        "lastModified": 1767609335,
        "narHash": "sha256-feveD98mQpptwrAEggBQKJTYbvwwglSbOv53uCfH9PY=",
        "owner": "hercules-ci",
        "repo": "flake-parts",
        "rev": "250481aafeb741edfe23d29195671c19b36b6dca",
        "type": "github"
      },
      "original": {
        "owner": "hercules-ci",
        "repo": "flake-parts",
        "type": "github"
      }
    },
    "flake-parts_2": {
      "inputs": {
        "nixpkgs-lib": [
          "nixvim",
          "nixpkgs"
        ]
      },
      "locked": {
        "lastModified": 1782949081,
        "narHash": "sha256-vp6Y/Grm98ESt6ceOkWiHWyZRDV3J1RID4w+6NWK9yA=",
        "owner": "hercules-ci",
        "repo": "flake-parts",
        "rev": "17c9d6cdfc60c64f4ee8d306f9bc0b4ccb51481e",
        "type": "github"
      },
      "original": {
        "owner": "hercules-ci",
        "repo": "flake-parts",
        "type": "github"
      }
    },
    "freesmlauncher": {
      "inputs": {
        "libnbtplusplus": "libnbtplusplus",
        "nix-filter": "nix-filter",
        "nixpkgs": [
          "nixpkgs"
        ]
      },
      "locked": {
        "lastModified": 1785698032,
        "narHash": "sha256-oRyxP9O0R582MXHVxxSLkD+VM8lprxqWqBoFq/1tTAU=",
        "owner": "FreesmTeam",
        "repo": "FreesmLauncher",
        "rev": "32e270139495b453e9d0c0d47b8504a153558062",
        "type": "github"
      },
      "original": {
        "owner": "FreesmTeam",
        "repo": "FreesmLauncher",
        "type": "github"
      }
    },
    "home-manager": {
      "inputs": {
        "nixpkgs": [
          "nixpkgs"
        ]
      },
      "locked": {
        "lastModified": 1785531816,
        "narHash": "sha256-vkMnV0JIyw+g/NmcfoajlGaAO+9a0ezia+FZohQJrik=",
        "owner": "nix-community",
        "repo": "home-manager",
        "rev": "bf9ce9fec78f95f374e8dd3b503863a3ec128ebe",
        "type": "github"
      },
      "original": {
        "owner": "nix-community",
        "repo": "home-manager",
        "type": "github"
      }
    },
    "hyprland-screen-shader": {
      "inputs": {
        "nixpkgs": [
          "nixpkgs"
        ]
      },
      "locked": {
        "lastModified": 1786381762,
        "narHash": "sha256-FK7j/EherDKYTzB0kv0tkiciUnJsQIinu+lGm+SVSw0=",
        "owner": "rokokol",
        "repo": "hyprland-screen-shader",
        "rev": "7803e9613aad0ddaff2b1f7d15ac8c4e65c77dc6",
        "type": "github"
      },
      "original": {
        "owner": "rokokol",
        "repo": "hyprland-screen-shader",
        "type": "github"
      }
    },
    "libnbtplusplus": {
      "flake": false,
      "locked": {
        "lastModified": 1772016279,
        "narHash": "sha256-7itkptyjoRcXfGLwg1/jxajetZ3a4mDc66+w4X6yW8s=",
        "owner": "FreesmTeam",
        "repo": "libnbtplusplus",
        "rev": "687e43031df0dc641984b4256bcca50d5b3f7de3",
        "type": "github"
      },
      "original": {
        "owner": "FreesmTeam",
        "repo": "libnbtplusplus",
        "type": "github"
      }
    },
    "nix-filter": {
      "locked": {
        "lastModified": 1757882181,
        "narHash": "sha256-+cCxYIh2UNalTz364p+QYmWHs0P+6wDhiWR4jDIKQIU=",
        "owner": "numtide",
        "repo": "nix-filter",
        "rev": "59c44d1909c72441144b93cf0f054be7fe764de5",
        "type": "github"
      },
      "original": {
        "owner": "numtide",
        "repo": "nix-filter",
        "type": "github"
      }
    },
    "nix-matlab": {
      "inputs": {
        "flake-compat": "flake-compat",
        "nixpkgs": [
          "nixpkgs-stable"
        ]
      },
      "locked": {
        "lastModified": 1754476755,
        "narHash": "sha256-vSF0VMEmPMzwNkrXIZwkhOSYmKES9BaDK/LlEe7/q8E=",
        "owner": "doronbehar",
        "repo": "nix-matlab",
        "rev": "0e9c9fb660f9e1a1e4d59fd083e0212a15b513e2",
        "type": "gitlab"
      },
      "original": {
        "owner": "doronbehar",
        "repo": "nix-matlab",
        "type": "gitlab"
      }
    },
    "nixpkgs": {
      "locked": {
        "lastModified": 1766902085,
        "narHash": "sha256-coBu0ONtFzlwwVBzmjacUQwj3G+lybcZ1oeNSQkgC0M=",
        "owner": "NixOS",
        "repo": "nixpkgs",
        "rev": "c0b0e0fddf73fd517c3471e546c0df87a42d53f4",
        "type": "github"
      },
      "original": {
        "owner": "NixOS",
        "ref": "nixos-unstable",
        "repo": "nixpkgs",
        "type": "github"
      }
    },
    "nixpkgs-lib": {
      "locked": {
        "lastModified": 1765674936,
        "narHash": "sha256-k00uTP4JNfmejrCLJOwdObYC9jHRrr/5M/a/8L2EIdo=",
        "owner": "nix-community",
        "repo": "nixpkgs.lib",
        "rev": "2075416fcb47225d9b68ac469a5c4801a9c4dd85",
        "type": "github"
      },
      "original": {
        "owner": "nix-community",
        "repo": "nixpkgs.lib",
        "type": "github"
      }
    },
    "nixpkgs-stable": {
      "locked": {
        "lastModified": 1785858998,
        "narHash": "sha256-fKCq5jphd6l/Ms6gc3dptkw/TcKLYub9lQE5g6rbbkc=",
        "owner": "nixos",
        "repo": "nixpkgs",
        "rev": "04607e1165ac22c5fde6dcc54c9e0b3c0487c555",
        "type": "github"
      },
      "original": {
        "owner": "nixos",
        "ref": "nixos-26.05",
        "repo": "nixpkgs",
        "type": "github"
      }
    },
    "nixpkgs_2": {
      "locked": {
        "lastModified": 1785828668,
        "narHash": "sha256-8fsyqeO+mJqvIzeO4xIpgJe/f7MTbbVTEC6RT6WSXNs=",
        "owner": "nixos",
        "repo": "nixpkgs",
        "rev": "e72e4f299401a3689d4b3d5fc6496b11db7064eb",
        "type": "github"
      },
      "original": {
        "owner": "nixos",
        "ref": "nixos-unstable",
        "repo": "nixpkgs",
        "type": "github"
      }
    },
    "nixpkgs_3": {
      "locked": {
        "lastModified": 1784555310,
        "narHash": "sha256-/FCliTPgiuV1owejZFNx3Ch9irdvkOfOFl+HHZ+DrtM=",
        "owner": "NixOS",
        "repo": "nixpkgs",
        "rev": "421eebfd0ec7bccd4abe826ce62d7e6e83129493",
        "type": "github"
      },
      "original": {
        "owner": "NixOS",
        "ref": "nixpkgs-unstable",
        "repo": "nixpkgs",
        "type": "github"
      }
    },
    "nixvim": {
      "inputs": {
        "flake-parts": "flake-parts_2",
        "nixpkgs": "nixpkgs_3",
        "systems": "systems"
      },
      "locked": {
        "lastModified": 1785763201,
        "narHash": "sha256-wA373y/B9orM3HatLu9oS+Ke5lmdZyBl/bdjd2gLMq4=",
        "owner": "nix-community",
        "repo": "nixvim",
        "rev": "c7be49306b23a952c0151cf4bbeacd944ed82f2a",
        "type": "github"
      },
      "original": {
        "owner": "nix-community",
        "repo": "nixvim",
        "type": "github"
      }
    },
    "rofi-wooordhunt": {
      "inputs": {
        "nixpkgs": [
          "nixpkgs"
        ]
      },
      "locked": {
        "lastModified": 1786380722,
        "narHash": "sha256-e6I83PVyl4d7bWIOc0BWWsxFcz0xFijcrR9Y+MUlSHQ=",
        "owner": "rokokol",
        "repo": "rofi-wooordhunt",
        "rev": "cc90620c79d6bf198afb7c0bb9522380fdbe66eb",
        "type": "github"
      },
      "original": {
        "owner": "rokokol",
        "repo": "rofi-wooordhunt",
        "type": "github"
      }
    },
    "root": {
      "inputs": {
        "claude-account": "claude-account",
        "comfyui-nix": "comfyui-nix",
        "ddlc-palette": "ddlc-palette",
        "ddlc-sddm-theme": "ddlc-sddm-theme",
        "freesmlauncher": "freesmlauncher",
        "home-manager": "home-manager",
        "hyprland-screen-shader": "hyprland-screen-shader",
        "nix-matlab": "nix-matlab",
        "nixpkgs": "nixpkgs_2",
        "nixpkgs-stable": "nixpkgs-stable",
        "nixvim": "nixvim",
        "rofi-wooordhunt": "rofi-wooordhunt",
        "sops-nix": "sops-nix",
        "zen-browser": "zen-browser"
      }
    },
    "sops-nix": {
      "inputs": {
        "nixpkgs": [
          "nixpkgs"
        ]
      },
      "locked": {
        "lastModified": 1783174389,
        "narHash": "sha256-aCWC8ngycU7OdJrU2+Je3qf+1a2ykuBvpPhZT/9tXMc=",
        "owner": "Mic92",
        "repo": "sops-nix",
        "rev": "f1406619a3884cd5c47992a70b8b35c9c0fcb4c9",
        "type": "github"
      },
      "original": {
        "owner": "Mic92",
        "repo": "sops-nix",
        "type": "github"
      }
    },
    "systems": {
      "locked": {
        "lastModified": 1774449309,
        "narHash": "sha256-brhZ8DmuGtzkCYHJg4HEd602amKm89Y9ytsFZ5uWD1w=",
        "owner": "nix-systems",
        "repo": "default",
        "rev": "c29398b59d2048c4ab79345812849c9bd15e9150",
        "type": "github"
      },
      "original": {
        "owner": "nix-systems",
        "ref": "future-26.11",
        "repo": "default",
        "type": "github"
      }
    },
    "zen-browser": {
      "inputs": {
        "home-manager": [
          "home-manager"
        ],
        "nixpkgs": [
          "nixpkgs"
        ]
      },
      "locked": {
        "lastModified": 1785915548,
        "narHash": "sha256-uF+QIxu7hhxKgzh7ai2uWVmeiqJYDC1C4fJ4P/IFZ/k=",
        "owner": "0xc000022070",
        "repo": "zen-browser-flake",
        "rev": "a7504841b8869ef5950c1b71f062ca51ca724a02",
        "type": "github"
      },
      "original": {
        "owner": "0xc000022070",
        "repo": "zen-browser-flake",
        "type": "github"
      }
    }
  },
  "root": "root",
  "version": 7
}
